// !$*UTF8*$!
{
	archiveVersion = 1;
	classes = {
	};
	objectVersion = 46;
	objects = {

/* Begin PBXBuildFile section */
		1B034ED51D3F53CB00861049 /* main.m in Sources */ = {isa = PBXBuildFile; fileRef = 1B034ED41D3F53CB00861049 /* main.m */; };
		1B034ED81D3F53CB00861049 /* AppDelegate.m in Sources */ = {isa = PBXBuildFile; fileRef = 1B034ED71D3F53CB00861049 /* AppDelegate.m */; };
		1B034EDB1D3F53CB00861049 /* LoginViewController.m in Sources */ = {isa = PBXBuildFile; fileRef = 1B034EDA1D3F53CB00861049 /* LoginViewController.m */; };
		1B034EDE1D3F53CB00861049 /* Main.storyboard in Resources */ = {isa = PBXBuildFile; fileRef = 1B034EDC1D3F53CB00861049 /* Main.storyboard */; };
		1B034EE01D3F53CB00861049 /* Assets.xcassets in Resources */ = {isa = PBXBuildFile; fileRef = 1B034EDF1D3F53CB00861049 /* Assets.xcassets */; };
		1B034EE31D3F53CB00861049 /* LaunchScreen.storyboard in Resources */ = {isa = PBXBuildFile; fileRef = 1B034EE11D3F53CB00861049 /* LaunchScreen.storyboard */; };
		1B034EEE1D3F53CB00861049 /* ShopTests.m in Sources */ = {isa = PBXBuildFile; fileRef = 1B034EED1D3F53CB00861049 /* ShopTests.m */; };
		1B034EF91D3F53CB00861049 /* ShopUITests.m in Sources */ = {isa = PBXBuildFile; fileRef = 1B034EF81D3F53CB00861049 /* ShopUITests.m */; };
		1B23E25E1D504E0400DF719D /* libsqlite3.dylib in Frameworks */ = {isa = PBXBuildFile; fileRef = 1B23E25D1D504E0400DF719D /* libsqlite3.dylib */; };
		1B23E2641D50722700DF719D /* DB.m in Sources */ = {isa = PBXBuildFile; fileRef = 1B23E2631D50722700DF719D /* DB.m */; };
/* End PBXBuildFile section */

/* Begin PBXContainerItemProxy section */
		1B034EEA1D3F53CB00861049 /* PBXContainerItemProxy */ = {
			isa = PBXContainerItemProxy;
			containerPortal = 1B034EC81D3F53CB00861049 /* Project object */;
			proxyType = 1;
			remoteGlobalIDString = 1B034ECF1D3F53CB00861049;
			remoteInfo = Shop;
		};
		1B034EF51D3F53CB00861049 /* PBXContainerItemProxy */ = {
			isa = PBXContainerItemProxy;
			containerPortal = 1B034EC81D3F53CB00861049 /* Project object */;
			proxyType = 1;
			remoteGlobalIDString = 1B034ECF1D3F53CB00861049;
			remoteInfo = Shop;
		};
/* End PBXContainerItemProxy section */

/* Begin PBXFileReference section */
		1B034ED01D3F53CB00861049 /* Shop.app */ = {isa = PBXFileReference; explicitFileType = wrapper.application; includeInIndex = 0; path = Shop.app; sourceTree = BUILT_PRODUCTS_DIR; };
		1B034ED41D3F53CB00861049 /* main.m */ = {isa = PBXFileReference; lastKnownFileType = sourcecode.c.objc; path = main.m; sourceTree = "<group>"; };
		1B034ED61D3F53CB00861049 /* AppDelegate.h */ = {isa = PBXFileReference; lastKnownFileType = sourcecode.c.h; path = AppDelegate.h; sourceTree = "<group>"; };
		1B034ED71D3F53CB00861049 /* AppDelegate.m */ = {isa = PBXFileReference; lastKnownFileType = sourcecode.c.objc; path = AppDelegate.m; sourceTree = "<group>"; };
		1B034ED91D3F53CB00861049 /* LoginViewController.h */ = {isa = PBXFileReference; lastKnownFileType = sourcecode.c.h; path = LoginViewController.h; sourceTree = "<group>"; };
		1B034EDA1D3F53CB00861049 /* LoginViewController.m */ = {isa = PBXFileReference; lastKnownFileType = sourcecode.c.objc; path = LoginViewController.m; sourceTree = "<group>"; };
		1B034EDD1D3F53CB00861049 /* Base */ = {isa = PBXFileReference; lastKnownFileType = file.storyboard; name = Base; path = Base.lproj/Main.storyboard; sourceTree = "<group>"; };
		1B034EDF1D3F53CB00861049 /* Assets.xcassets */ = {isa = PBXFileReference; lastKnownFileType = folder.assetcatalog; path = Assets.xcassets; sourceTree = "<group>"; };
		1B034EE21D3F53CB00861049 /* Base */ = {isa = PBXFileReference; lastKnownFileType = file.storyboard; name = Base; path = Base.lproj/LaunchScreen.storyboard; sourceTree = "<group>"; };
		1B034EE41D3F53CB00861049 /* Info.plist */ = {isa = PBXFileReference; lastKnownFileType = text.plist.xml; path = Info.plist; sourceTree = "<group>"; };
		1B034EE91D3F53CB00861049 /* ShopTests.xctest */ = {isa = PBXFileReference; explicitFileType = wrapper.cfbundle; includeInIndex = 0; path = ShopTests.xctest; sourceTree = BUILT_PRODUCTS_DIR; };
		1B034EED1D3F53CB00861049 /* ShopTests.m */ = {isa = PBXFileReference; lastKnownFileType = sourcecode.c.objc; path = ShopTests.m; sourceTree = "<group>"; };
		1B034EEF1D3F53CB00861049 /* Info.plist */ = {isa = PBXFileReference; lastKnownFileType = text.plist.xml; path = Info.plist; sourceTree = "<group>"; };
		1B034EF41D3F53CB00861049 /* ShopUITests.xctest */ = {isa = PBXFileReference; explicitFileType = wrapper.cfbundle; includeInIndex = 0; path = ShopUITests.xctest; sourceTree = BUILT_PRODUCTS_DIR; };
		1B034EF81D3F53CB00861049 /* ShopUITests.m */ = {isa = PBXFileReference; lastKnownFileType = sourcecode.c.objc; path = ShopUITests.m; sourceTree = "<group>"; };
		1B034EFA1D3F53CB00861049 /* Info.plist */ = {isa = PBXFileReference; lastKnownFileType = text.plist.xml; path = Info.plist; sourceTree = "<group>"; };
		1B23E25D1D504E0400DF719D /* libsqlite3.dylib */ = {isa = PBXFileReference; lastKnownFileType = "compiled.mach-o.dylib"; name = libsqlite3.dylib; path = ../../../../usr/lib/libsqlite3.dylib; sourceTree = "<group>"; };
		1B23E2621D50722700DF719D /* DB.h */ = {isa = PBXFileReference; fileEncoding = 4; lastKnownFileType = sourcecode.c.h; path = DB.h; sourceTree = "<group>"; };
		1B23E2631D50722700DF719D /* DB.m */ = {isa = PBXFileReference; fileEncoding = 4; lastKnownFileType = sourcecode.c.objc; path = DB.m; sourceTree = "<group>"; };
/* End PBXFileReference section */

/* Begin PBXFrameworksBuildPhase section */
		1B034ECD1D3F53CB00861049 /* Frameworks */ = {
			isa = PBXFrameworksBuildPhase;
			buildActionMask = 2147483647;
			files = (
				1B23E25E1D504E0400DF719D /* libsqlite3.dylib in Frameworks */,
			);
			runOnlyForDeploymentPostprocessing = 0;
		};
		1B034EE61D3F53CB00861049 /* Frameworks */ = {
			isa = PBXFrameworksBuildPhase;
			buildActionMask = 2147483647;
			files = (
			);
			runOnlyForDeploymentPostprocessing = 0;
		};
		1B034EF11D3F53CB00861049 /* Frameworks */ = {
			isa = PBXFrameworksBuildPhase;
			buildActionMask = 2147483647;
			files = (
			);
			runOnlyForDeploymentPostprocessing = 0;
		};
/* End PBXFrameworksBuildPhase section */

/* Begin PBXGroup section */
		1B034EC71D3F53CB00861049 = {
			isa = PBXGroup;
			children = (
				1B23E25D1D504E0400DF719D /* libsqlite3.dylib */,
				1B034ED21D3F53CB00861049 /* Shop */,
				1B034EEC1D3F53CB00861049 /* ShopTests */,
				1B034EF71D3F53CB00861049 /* ShopUITests */,
				1B034ED11D3F53CB00861049 /* Products */,
			);
			sourceTree = "<group>";
		};
		1B034ED11D3F53CB00861049 /* Products */ = {
			isa = PBXGroup;
			children = (
				1B034ED01D3F53CB00861049 /* Shop.app */,
				1B034EE91D3F53CB00861049 /* ShopTests.xctest */,
				1B034EF41D3F53CB00861049 /* ShopUITests.xctest */,
			);
			name = Products;
			sourceTree = "<group>";
		};
		1B034ED21D3F53CB00861049 /* Shop */ = {
			isa = PBXGroup;
			children = (
				1B034ED61D3F53CB00861049 /* AppDelegate.h */,
				1B034ED71D3F53CB00861049 /* AppDelegate.m */,
				1B034ED91D3F53CB00861049 /* LoginViewController.h */,
				1B034EDA1D3F53CB00861049 /* LoginViewController.m */,
				1B034EDC1D3F53CB00861049 /* Main.storyboard */,
				1B034EDF1D3F53CB00861049 /* Assets.xcassets */,
				1B034EE11D3F53CB00861049 /* LaunchScreen.storyboard */,
				1B034EE41D3F53CB00861049 /* Info.plist */,
				1B034ED31D3F53CB00861049 /* Supporting Files */,
				1B23E2621D50722700DF719D /* DB.h */,
				1B23E2631D50722700DF719D /* DB.m */,
			);
			path = Shop;
			sourceTree = "<group>";
		};
		1B034ED31D3F53CB00861049 /* Supporting Files */ = {
			isa = PBXGroup;
			children = (
				1B034ED41D3F53CB00861049 /* main.m */,
			);
			name = "Supporting Files";
			sourceTree = "<group>";
		};
		1B034EEC1D3F53CB00861049 /* ShopTests */ = {
			isa = PBXGroup;
			children = (
				1B034EED1D3F53CB00861049 /* ShopTests.m */,
				1B034EEF1D3F53CB00861049 /* Info.plist */,
			);
			path = ShopTests;
			sourceTree = "<group>";
		};
		1B034EF71D3F53CB00861049 /* ShopUITests */ = {
			isa = PBXGroup;
			children = (
				1B034EF81D3F53CB00861049 /* ShopUITests.m */,
				1B034EFA1D3F53CB00861049 /* Info.plist */,
			);
			path = ShopUITests;
			sourceTree = "<group>";
		};
/* End PBXGroup section */

/* Begin PBXNativeTarget section */
		1B034ECF1D3F53CB00861049 /* Shop */ = {
			isa = PBXNativeTarget;
			buildConfigurationList = 1B034EFD1D3F53CB00861049 /* Build configuration list for PBXNativeTarget "Shop" */;
			buildPhases = (
				1B034ECC1D3F53CB00861049 /* Sources */,
				1B034ECD1D3F53CB00861049 /* Frameworks */,
				1B034ECE1D3F53CB00861049 /* Resources */,
			);
			buildRules = (
			);
			dependencies = (
			);
			name = Shop;
			productName = Shop;
			productReference = 1B034ED01D3F53CB00861049 /* Shop.app */;
			productType = "com.apple.product-type.application";
		};
		1B034EE81D3F53CB00861049 /* ShopTests */ = {
			isa = PBXNativeTarget;
			buildConfigurationList = 1B034F001D3F53CB00861049 /* Build configuration list for PBXNativeTarget "ShopTests" */;
			buildPhases = (
				1B034EE51D3F53CB00861049 /* Sources */,
				1B034EE61D3F53CB00861049 /* Frameworks */,
				1B034EE71D3F53CB00861049 /* Resources */,
			);
			buildRules = (
			);
			dependencies = (
				1B034EEB1D3F53CB00861049 /* PBXTargetDependency */,
			);
			name = ShopTests;
			productName = ShopTests;
			productReference = 1B034EE91D3F53CB00861049 /* ShopTests.xctest */;
			productType = "com.apple.product-type.bundle.unit-test";
		};
		1B034EF31D3F53CB00861049 /* ShopUITests */ = {
			isa = PBXNativeTarget;
			buildConfigurationList = 1B034F031D3F53CB00861049 /* Build configuration list for PBXNativeTarget "ShopUITests" */;
			buildPhases = (
				1B034EF01D3F53CB00861049 /* Sources */,
				1B034EF11D3F53CB00861049 /* Frameworks */,
				1B034EF21D3F53CB00861049 /* Resources */,
			);
			buildRules = (
			);
			dependencies = (
				1B034EF61D3F53CB00861049 /* PBXTargetDependency */,
			);
			name = ShopUITests;
			productName = ShopUITests;
			productReference = 1B034EF41D3F53CB00861049 /* ShopUITests.xctest */;
			productType = "com.apple.product-type.bundle.ui-testing";
		};
/* End PBXNativeTarget section */

/* Begin PBXProject section */
		1B034EC81D3F53CB00861049 /* Project object */ = {
			isa = PBXProject;
			attributes = {
				LastUpgradeCheck = 0730;
				ORGANIZATIONNAME = "陈立豪";
				TargetAttributes = {
					1B034ECF1D3F53CB00861049 = {
						CreatedOnToolsVersion = 7.3.1;
					};
					1B034EE81D3F53CB00861049 = {
						CreatedOnToolsVersion = 7.3.1;
						TestTargetID = 1B034ECF1D3F53CB00861049;
					};
					1B034EF31D3F53CB00861049 = {
						CreatedOnToolsVersion = 7.3.1;
						TestTargetID = 1B034ECF1D3F53CB00861049;
					};
				};
			};
			buildConfigurationList = 1B034ECB1D3F53CB00861049 /* Build configuration list for PBXProject "Shop" */;
			compatibilityVersion = "Xcode 3.2";
			developmentRegion = English;
			hasScannedForEncodings = 0;
			knownRegions = (
				en,
				Base,
			);
			mainGroup = 1B034EC71D3F53CB00861049;
			productRefGroup = 1B034ED11D3F53CB00861049 /* Products */;
			projectDirPath = "";
			projectRoot = "";
			targets = (
				1B034ECF1D3F53CB00861049 /* Shop */,
				1B034EE81D3F53CB00861049 /* ShopTests */,
				1B034EF31D3F53CB00861049 /* ShopUITests */,
			);
		};
/* End PBXProject section */

/* Begin PBXResourcesBuildPhase section */
		1B034ECE1D3F53CB00861049 /* Resources */ = {
			isa = PBXResourcesBuildPhase;
			buildActionMask = 2147483647;
			files = (
				1B034EE31D3F53CB00861049 /* LaunchScreen.storyboard in Resources */,
				1B034EE01D3F53CB00861049 /* Assets.xcassets in Resources */,
				1B034EDE1D3F53CB00861049 /* Main.storyboard in Resources */,
			);
			runOnlyForDeploymentPostprocessing = 0;
		};
		1B034EE71D3F53CB00861049 /* Resources */ = {
			isa = PBXResourcesBuildPhase;
			buildActionMask = 2147483647;
			files = (
			);
			runOnlyForDeploymentPostprocessing = 0;
		};
		1B034EF21D3F53CB00861049 /* Resources */ = {
			isa = PBXResourcesBuildPhase;
			buildActionMask = 2147483647;
			files = (
			);
			runOnlyForDeploymentPostprocessing = 0;
		};
/* End PBXResourcesBuildPhase section */

/* Begin PBXSourcesBuildPhase section */
		1B034ECC1D3F53CB00861049 /* Sources */ = {
			isa = PBXSourcesBuildPhase;
			buildActionMask = 2147483647;
			files = (
				1B034EDB1D3F53CB00861049 /* LoginViewController.m in Sources */,
				1B23E2641D50722700DF719D /* DB.m in Sources */,
				1B034ED81D3F53CB00861049 /* AppDelegate.m in Sources */,
				1B034ED51D3F53CB00861049 /* main.m in Sources */,
			);
			runOnlyForDeploymentPostprocessing = 0;
		};
		1B034EE51D3F53CB00861049 /* Sources */ = {
			isa = PBXSourcesBuildPhase;
			buildActionMask = 2147483647;
			files = (
				1B034EEE1D3F53CB00861049 /* ShopTests.m in Sources */,
			);
			runOnlyForDeploymentPostprocessing = 0;
		};
		1B034EF01D3F53CB00861049 /* Sources */ = {
			isa = PBXSourcesBuildPhase;
			buildActionMask = 2147483647;
			files = (
				1B034EF91D3F53CB00861049 /* ShopUITests.m in Sources */,
			);
			runOnlyForDeploymentPostprocessing = 0;
		};
/* End PBXSourcesBuildPhase section */

/* Begin PBXTargetDependency section */
		1B034EEB1D3F53CB00861049 /* PBXTargetDependency */ = {
			isa = PBXTargetDependency;
			target = 1B034ECF1D3F53CB00861049 /* Shop */;
			targetProxy = 1B034EEA1D3F53CB00861049 /* PBXContainerItemProxy */;
		};
		1B034EF61D3F53CB00861049 /* PBXTargetDependency */ = {
			isa = PBXTargetDependency;
			target = 1B034ECF1D3F53CB00861049 /* Shop */;
			targetProxy = 1B034EF51D3F53CB00861049 /* PBXContainerItemProxy */;
		};
/* End PBXTargetDependency section */

/* Begin PBXVariantGroup section */
		1B034EDC1D3F53CB00861049 /* Main.storyboard */ = {
			isa = PBXVariantGroup;
			children = (
				1B034EDD1D3F53CB00861049 /* Base */,
			);
			name = Main.storyboard;
			sourceTree = "<group>";
		};
		1B034EE11D3F53CB00861049 /* LaunchScreen.storyboard */ = {
			isa = PBXVariantGroup;
			children = (
				1B034EE21D3F53CB00861049 /* Base */,
			);
			name = LaunchScreen.storyboard;
			sourceTree = "<group>";
		};
/* End PBXVariantGroup section */

/* Begin XCBuildConfiguration section */
		1B034EFB1D3F53CB00861049 /* Debug */ = {
			isa = XCBuildConfiguration;
			buildSettings = {
				ALWAYS_SEARCH_USER_PATHS = NO;
				CLANG_ANALYZER_NONNULL = YES;
				CLANG_CXX_LANGUAGE_STANDARD = "gnu++0x";
				CLANG_CXX_LIBRARY = "libc++";
				CLANG_ENABLE_MODULES = YES;
				CLANG_ENABLE_OBJC_ARC = YES;
				CLANG_WARN_BOOL_CONVERSION = YES;
				CLANG_WARN_CONSTANT_CONVERSION = YES;
				CLANG_WARN_DIRECT_OBJC_ISA_USAGE = YES_ERROR;
				CLANG_WARN_EMPTY_BODY = YES;
				CLANG_WARN_ENUM_CONVERSION = YES;
				CLANG_WARN_INT_CONVERSION = YES;
				CLANG_WARN_OBJC_ROOT_CLASS = YES_ERROR;
				CLANG_WARN_UNREACHABLE_CODE = YES;
				CLANG_WARN__DUPLICATE_METHOD_MATCH = YES;
				"CODE_SIGN_IDENTITY[sdk=iphoneos*]" = "iPhone Developer";
				COPY_PHASE_STRIP = NO;
				DEBUG_INFORMATION_FORMAT = dwarf;
				ENABLE_STRICT_OBJC_MSGSEND = YES;
				ENABLE_TESTABILITY = YES;
				GCC_C_LANGUAGE_STANDARD = gnu99;
				GCC_DYNAMIC_NO_PIC = NO;
				GCC_NO_COMMON_BLOCKS = YES;
				GCC_OPTIMIZATION_LEVEL = 0;
				GCC_PREPROCESSOR_DEFINITIONS = (
					"DEBUG=1",
					"$(inherited)",
				);
				GCC_WARN_64_TO_32_BIT_CONVERSION = YES;
				GCC_WARN_ABOUT_RETURN_TYPE = YES_ERROR;
				GCC_WARN_UNDECLARED_SELECTOR = YES;
				GCC_WARN_UNINITIALIZED_AUTOS = YES_AGGRESSIVE;
				GCC_WARN_UNUSED_FUNCTION = YES;
				GCC_WARN_UNUSED_VARIABLE = YES;
				IPHONEOS_DEPLOYMENT_TARGET = 9.3;
				MTL_ENABLE_DEBUG_INFO = YES;
				ONLY_ACTIVE_ARCH = YES;
				SDKROOT = iphoneos;
				TARGETED_DEVICE_FAMILY = "1,2";
			};
			name = Debug;
		};
		1B034EFC1D3F53CB00861049 /* Release */ = {
			isa = XCBuildConfiguration;
			buildSettings = {
				ALWAYS_SEARCH_USER_PATHS = NO;
				CLANG_ANALYZER_NONNULL = YES;
				CLANG_CXX_LANGUAGE_STANDARD = "gnu++0x";
				CLANG_CXX_LIBRARY = "libc++";
				CLANG_ENABLE_MODULES = YES;
				CLANG_ENABLE_OBJC_ARC = YES;
				CLANG_WARN_BOOL_CONVERSION = YES;
				CLANG_WARN_CONSTANT_CONVERSION = YES;
				CLANG_WARN_DIRECT_OBJC_ISA_USAGE = YES_ERROR;
				CLANG_WARN_EMPTY_BODY = YES;
				CLANG_WARN_ENUM_CONVERSION = YES;
				CLANG_WARN_INT_CONVERSION = YES;
				CLANG_WARN_OBJC_ROOT_CLASS = YES_ERROR;
				CLANG_WARN_UNREACHABLE_CODE = YES;
				CLANG_WARN__DUPLICATE_METHOD_MATCH = YES;
				"CODE_SIGN_IDENTITY[sdk=iphoneos*]" = "iPhone Developer";
				COPY_PHASE_STRIP = NO;
				DEBUG_INFORMATION_FORMAT = "dwarf-with-dsym";
				ENABLE_NS_ASSERTIONS = NO;
				ENABLE_STRICT_OBJC_MSGSEND = YES;
				GCC_C_LANGUAGE_STANDARD = gnu99;
				GCC_NO_COMMON_BLOCKS = YES;
				GCC_WARN_64_TO_32_BIT_CONVERSION = YES;
				GCC_WARN_ABOUT_RETURN_TYPE = YES_ERROR;
				GCC_WARN_UNDECLARED_SELECTOR = YES;
				GCC_WARN_UNINITIALIZED_AUTOS = YES_AGGRESSIVE;
				GCC_WARN_UNUSED_FUNCTION = YES;
				GCC_WARN_UNUSED_VARIABLE = YES;
				IPHONEOS_DEPLOYMENT_TARGET = 9.3;
				MTL_ENABLE_DEBUG_INFO = NO;
				SDKROOT = iphoneos;
				TARGETED_DEVICE_FAMILY = "1,2";
				VALIDATE_PRODUCT = YES;
			};
			name = Release;
		};
		1B034EFE1D3F53CB00861049 /* Debug */ = {
			isa = XCBuildConfiguration;
			buildSettings = {
				ASSETCATALOG_COMPILER_APPICON_NAME = AppIcon;
				INFOPLIST_FILE = Shop/Info.plist;
				LD_RUNPATH_SEARCH_PATHS = "$(inherited) @executable_path/Frameworks";
				PRODUCT_BUNDLE_IDENTIFIER = A.Shop;
				PRODUCT_NAME = "$(TARGET_NAME)";
			};
			name = Debug;
		};
		1B034EFF1D3F53CB00861049 /* Release */ = {
			isa = XCBuildConfiguration;
			buildSettings = {
				ASSETCATALOG_COMPILER_APPICON_NAME = AppIcon;
				INFOPLIST_FILE = Shop/Info.plist;
				LD_RUNPATH_SEARCH_PATHS = "$(inherited) @executable_path/Frameworks";
				PRODUCT_BUNDLE_IDENTIFIER = A.Shop;
				PRODUCT_NAME = "$(TARGET_NAME)";
			};
			name = Release;
		};
		1B034F011D3F53CB00861049 /* Debug */ = {
			isa = XCBuildConfiguration;
			buildSettings = {
				BUNDLE_LOADER = "$(TEST_HOST)";
				INFOPLIST_FILE = ShopTests/Info.plist;
				LD_RUNPATH_SEARCH_PATHS = "$(inherited) @executable_path/Frameworks @loader_path/Frameworks";
				PRODUCT_BUNDLE_IDENTIFIER = A.ShopTests;
				PRODUCT_NAME = "$(TARGET_NAME)";
				TEST_HOST = "$(BUILT_PRODUCTS_DIR)/Shop.app/Shop";
			};
			name = Debug;
		};
		1B034F021D3F53CB00861049 /* Release */ = {
			isa = XCBuildConfiguration;
			buildSettings = {
				BUNDLE_LOADER = "$(TEST_HOST)";
				INFOPLIST_FILE = ShopTests/Info.plist;
				LD_RUNPATH_SEARCH_PATHS = "$(inherited) @executable_path/Frameworks @loader_path/Frameworks";
				PRODUCT_BUNDLE_IDENTIFIER = A.ShopTests;
				PRODUCT_NAME = "$(TARGET_NAME)";
				TEST_HOST = "$(BUILT_PRODUCTS_DIR)/Shop.app/Shop";
			};
			name = Release;
		};
		1B034F041D3F53CB00861049 /* Debug */ = {
			isa = XCBuildConfiguration;
			buildSettings = {
				INFOPLIST_FILE = ShopUITests/Info.plist;
				LD_RUNPATH_SEARCH_PATHS = "$(inherited) @executable_path/Frameworks @loader_path/Frameworks";
				PRODUCT_BUNDLE_IDENTIFIER = A.ShopUITests;
				PRODUCT_NAME = "$(TARGET_NAME)";
				TEST_TARGET_NAME = Shop;
			};
			name = Debug;
		};
		1B034F051D3F53CB00861049 /* Release */ = {
			isa = XCBuildConfiguration;
			buildSettings = {
				INFOPLIST_FILE = ShopUITests/Info.plist;
				LD_RUNPATH_SEARCH_PATHS = "$(inherited) @executable_path/Frameworks @loader_path/Frameworks";
				PRODUCT_BUNDLE_IDENTIFIER = A.ShopUITests;
				PRODUCT_NAME = "$(TARGET_NAME)";
				TEST_TARGET_NAME = Shop;
			};
			name = Release;
		};
/* End XCBuildConfiguration section */

/* Begin XCConfigurationList section */
		1B034ECB1D3F53CB00861049 /* Build configuration list for PBXProject "Shop" */ = {
			isa = XCConfigurationList;
			buildConfigurations = (
				1B034EFB1D3F53CB00861049 /* Debug */,
				1B034EFC1D3F53CB00861049 /* Release */,
			);
			defaultConfigurationIsVisible = 0;
			defaultConfigurationName = Release;
		};
		1B034EFD1D3F53CB00861049 /* Build configuration list for PBXNativeTarget "Shop" */ = {
			isa = XCConfigurationList;
			buildConfigurations = (
				1B034EFE1D3F53CB00861049 /* Debug */,
				1B034EFF1D3F53CB00861049 /* Release */,
			);
			defaultConfigurationIsVisible = 0;
			defaultConfigurationName = Release;
		};
		1B034F001D3F53CB00861049 /* Build configuration list for PBXNativeTarget "ShopTests" */ = {
			isa = XCConfigurationList;
			buildConfigurations = (
				1B034F011D3F53CB00861049 /* Debug */,
				1B034F021D3F53CB00861049 /* Release */,
			);
			defaultConfigurationIsVisible = 0;
			defaultConfigurationName = Release;
		};
		1B034F031D3F53CB00861049 /* Build configuration list for PBXNativeTarget "ShopUITests" */ = {
			isa = XCConfigurationList;
			buildConfigurations = (
				1B034F041D3F53CB00861049 /* Debug */,
				1B034F051D3F53CB00861049 /* Release */,
			);
			defaultConfigurationIsVisible = 0;
			defaultConfigurationName = Release;
		};
/* End XCConfigurationList section */
	};
	rootObject = 1B034EC81D3F53CB00861049 /* Project object */;
}
